// !$*UTF8*$!
{
	archiveVersion = 1;
	classes = {
	};
	objectVersion = 55;
	objects = {

/* Begin PBXBuildFile section */
		040C642E28737E7500A34AEF /* ViewController.swift in Sources */ = {isa = PBXBuildFile; fileRef = 040C642D28737E7500A34AEF /* ViewController.swift */; };
		04F41CD428720CDD004B291A /* AppDelegate.swift in Sources */ = {isa = PBXBuildFile; fileRef = 04F41CD328720CDD004B291A /* AppDelegate.swift */; };
		04F41CD628720CDD004B291A /* SceneDelegate.swift in Sources */ = {isa = PBXBuildFile; fileRef = 04F41CD528720CDD004B291A /* SceneDelegate.swift */; };
		04F41CD828720CDD004B291A /* ViewController.swift in Sources */ = {isa = PBXBuildFile; fileRef = 04F41CD728720CDD004B291A /* ViewController.swift */; };
		04F41CDB28720CDD004B291A /* Main.storyboard in Resources */ = {isa = PBXBuildFile; fileRef = 04F41CD928720CDD004B291A /* Main.storyboard */; };
		04F41CDD28720CE0004B291A /* Assets.xcassets in Resources */ = {isa = PBXBuildFile; fileRef = 04F41CDC28720CE0004B291A /* Assets.xcassets */; };
		04F41CE028720CE0004B291A /* LaunchScreen.storyboard in Resources */ = {isa = PBXBuildFile; fileRef = 04F41CDE28720CE0004B291A /* LaunchScreen.storyboard */; };
/* End PBXBuildFile section */

/* Begin PBXFileReference section */
		040C642D28737E7500A34AEF /* ViewController.swift */ = {isa = PBXFileReference; lastKnownFileType = sourcecode.swift; path = ViewController.swift; sourceTree = "<group>"; };
		04F41CD028720CDD004B291A /* WWDC.app */ = {isa = PBXFileReference; explicitFileType = wrapper.application; includeInIndex = 0; path = WWDC.app; sourceTree = BUILT_PRODUCTS_DIR; };
		04F41CD328720CDD004B291A /* AppDelegate.swift */ = {isa = PBXFileReference; lastKnownFileType = sourcecode.swift; path = AppDelegate.swift; sourceTree = "<group>"; };
		04F41CD528720CDD004B291A /* SceneDelegate.swift */ = {isa = PBXFileReference; lastKnownFileType = sourcecode.swift; path = SceneDelegate.swift; sourceTree = "<group>"; };
		04F41CD728720CDD004B291A /* ViewController.swift */ = {isa = PBXFileReference; lastKnownFileType = sourcecode.swift; path = ViewController.swift; sourceTree = "<group>"; };
		04F41CDA28720CDD004B291A /* Base */ = {isa = PBXFileReference; lastKnownFileType = file.storyboard; name = Base; path = Base.lproj/Main.storyboard; sourceTree = "<group>"; };
		04F41CDC28720CE0004B291A /* Assets.xcassets */ = {isa = PBXFileReference; lastKnownFileType = folder.assetcatalog; path = Assets.xcassets; sourceTree = "<group>"; };
		04F41CDF28720CE0004B291A /* Base */ = {isa = PBXFileReference; lastKnownFileType = file.storyboard; name = Base; path = Base.lproj/LaunchScreen.storyboard; sourceTree = "<group>"; };
		04F41CE128720CE0004B291A /* Info.plist */ = {isa = PBXFileReference; lastKnownFileType = text.plist.xml; path = Info.plist; sourceTree = "<group>"; };
/* End PBXFileReference section */

/* Begin PBXFrameworksBuildPhase section */
		04F41CCD28720CDD004B291A /* Frameworks */ = {
			isa = PBXFrameworksBuildPhase;
			buildActionMask = 2147483647;
			files = (
			);
			runOnlyForDeploymentPostprocessing = 0;
		};
/* End PBXFrameworksBuildPhase section */

/* Begin PBXGroup section */
		040C642B28737DFE00A34AEF /* 2022 */ = {
			isa = PBXGroup;
			children = (
				040C642C28737E3E00A34AEF /* UseSwiftUIWithUIKit */,
			);
			path = 2022;
			sourceTree = "<group>";
		};
		040C642C28737E3E00A34AEF /* UseSwiftUIWithUIKit */ = {
			isa = PBXGroup;
			children = (
				040C642D28737E7500A34AEF /* ViewController.swift */,
			);
			path = UseSwiftUIWithUIKit;
			sourceTree = "<group>";
		};
		04F41CC728720CDD004B291A = {
			isa = PBXGroup;
			children = (
				04F41CD228720CDD004B291A /* WWDC */,
				04F41CD128720CDD004B291A /* Products */,
			);
			sourceTree = "<group>";
		};
		04F41CD128720CDD004B291A /* Products */ = {
			isa = PBXGroup;
			children = (
				04F41CD028720CDD004B291A /* WWDC.app */,
			);
			name = Products;
			sourceTree = "<group>";
		};
		04F41CD228720CDD004B291A /* WWDC */ = {
			isa = PBXGroup;
			children = (
				040C642B28737DFE00A34AEF /* 2022 */,
				04F41CD328720CDD004B291A /* AppDelegate.swift */,
				04F41CD528720CDD004B291A /* SceneDelegate.swift */,
				04F41CD728720CDD004B291A /* ViewController.swift */,
				04F41CD928720CDD004B291A /* Main.storyboard */,
				04F41CDC28720CE0004B291A /* Assets.xcassets */,
				04F41CDE28720CE0004B291A /* LaunchScreen.storyboard */,
				04F41CE128720CE0004B291A /* Info.plist */,
			);
			path = WWDC;
			sourceTree = "<group>";
		};
/* End PBXGroup section */

/* Begin PBXNativeTarget section */
		04F41CCF28720CDD004B291A /* WWDC */ = {
			isa = PBXNativeTarget;
			buildConfigurationList = 04F41CE428720CE0004B291A /* Build configuration list for PBXNativeTarget "WWDC" */;
			buildPhases = (
				04F41CCC28720CDD004B291A /* Sources */,
				04F41CCD28720CDD004B291A /* Frameworks */,
				04F41CCE28720CDD004B291A /* Resources */,
			);
			buildRules = (
			);
			dependencies = (
			);
			name = WWDC;
			productName = WWDC;
			productReference = 04F41CD028720CDD004B291A /* WWDC.app */;
			productType = "com.apple.product-type.application";
		};
/* End PBXNativeTarget section */

/* Begin PBXProject section */
		04F41CC828720CDD004B291A /* Project object */ = {
			isa = PBXProject;
			attributes = {
				BuildIndependentTargetsInParallel = 1;
				LastSwiftUpdateCheck = 1340;
				LastUpgradeCheck = 1340;
				TargetAttributes = {
					04F41CCF28720CDD004B291A = {
						CreatedOnToolsVersion = 13.4.1;
					};
				};
			};
			buildConfigurationList = 04F41CCB28720CDD004B291A /* Build configuration list for PBXProject "WWDC" */;
			compatibilityVersion = "Xcode 13.0";
			developmentRegion = en;
			hasScannedForEncodings = 0;
			knownRegions = (
				en,
				Base,
			);
			mainGroup = 04F41CC728720CDD004B291A;
			productRefGroup = 04F41CD128720CDD004B291A /* Products */;
			projectDirPath = "";
			projectRoot = "";
			targets = (
				04F41CCF28720CDD004B291A /* WWDC */,
			);
		};
/* End PBXProject section */

/* Begin PBXResourcesBuildPhase section */
		04F41CCE28720CDD004B291A /* Resources */ = {
			isa = PBXResourcesBuildPhase;
			buildActionMask = 2147483647;
			files = (
				04F41CE028720CE0004B291A /* LaunchScreen.storyboard in Resources */,
				04F41CDD28720CE0004B291A /* Assets.xcassets in Resources */,
				04F41CDB28720CDD004B291A /* Main.storyboard in Resources */,
			);
			runOnlyForDeploymentPostprocessing = 0;
		};
/* End PBXResourcesBuildPhase section */

/* Begin PBXSourcesBuildPhase section */
		04F41CCC28720CDD004B291A /* Sources */ = {
			isa = PBXSourcesBuildPhase;
			buildActionMask = 2147483647;
			files = (
				04F41CD828720CDD004B291A /* ViewController.swift in Sources */,
				04F41CD428720CDD004B291A /* AppDelegate.swift in Sources */,
				040C642E28737E7500A34AEF /* ViewController.swift in Sources */,
				04F41CD628720CDD004B291A /* SceneDelegate.swift in Sources */,
			);
			runOnlyForDeploymentPostprocessing = 0;
		};
/* End PBXSourcesBuildPhase section */

/* Begin PBXVariantGroup section */
		04F41CD928720CDD004B291A /* Main.storyboard */ = {
			isa = PBXVariantGroup;
			children = (
				04F41CDA28720CDD004B291A /* Base */,
			);
			name = Main.storyboard;
			sourceTree = "<group>";
		};
		04F41CDE28720CE0004B291A /* LaunchScreen.storyboard */ = {
			isa = PBXVariantGroup;
			children = (
				04F41CDF28720CE0004B291A /* Base */,
			);
			name = LaunchScreen.storyboard;
			sourceTree = "<group>";
		};
/* End PBXVariantGroup section */

/* Begin XCBuildConfiguration section */
		04F41CE228720CE0004B291A /* Debug */ = {
			isa = XCBuildConfiguration;
			buildSettings = {
				ALWAYS_SEARCH_USER_PATHS = NO;
				CLANG_ANALYZER_NONNULL = YES;
				CLANG_ANALYZER_NUMBER_OBJECT_CONVERSION = YES_AGGRESSIVE;
				CLANG_CXX_LANGUAGE_STANDARD = "gnu++17";
				CLANG_ENABLE_MODULES = YES;
				CLANG_ENABLE_OBJC_ARC = YES;
				CLANG_ENABLE_OBJC_WEAK = YES;
				CLANG_WARN_BLOCK_CAPTURE_AUTORELEASING = YES;
				CLANG_WARN_BOOL_CONVERSION = YES;
				CLANG_WARN_COMMA = YES;
				CLANG_WARN_CONSTANT_CONVERSION = YES;
				CLANG_WARN_DEPRECATED_OBJC_IMPLEMENTATIONS = YES;
				CLANG_WARN_DIRECT_OBJC_ISA_USAGE = YES_ERROR;
				CLANG_WARN_DOCUMENTATION_COMMENTS = YES;
				CLANG_WARN_EMPTY_BODY = YES;
				CLANG_WARN_ENUM_CONVERSION = YES;
				CLANG_WARN_INFINITE_RECURSION = YES;
				CLANG_WARN_INT_CONVERSION = YES;
				CLANG_WARN_NON_LITERAL_NULL_CONVERSION = YES;
				CLANG_WARN_OBJC_IMPLICIT_RETAIN_SELF = YES;
				CLANG_WARN_OBJC_LITERAL_CONVERSION = YES;
				CLANG_WARN_OBJC_ROOT_CLASS = YES_ERROR;
				CLANG_WARN_QUOTED_INCLUDE_IN_FRAMEWORK_HEADER = YES;
				CLANG_WARN_RANGE_LOOP_ANALYSIS = YES;
				CLANG_WARN_STRICT_PROTOTYPES = YES;
				CLANG_WARN_SUSPICIOUS_MOVE = YES;
				CLANG_WARN_UNGUARDED_AVAILABILITY = YES_AGGRESSIVE;
				CLANG_WARN_UNREACHABLE_CODE = YES;
				CLANG_WARN__DUPLICATE_METHOD_MATCH = YES;
				COPY_PHASE_STRIP = NO;
				DEBUG_INFORMATION_FORMAT = dwarf;
				ENABLE_STRICT_OBJC_MSGSEND = YES;
				ENABLE_TESTABILITY = YES;
				GCC_C_LANGUAGE_STANDARD = gnu11;
				GCC_DYNAMIC_NO_PIC = NO;
				GCC_NO_COMMON_BLOCKS = YES;
				GCC_OPTIMIZATION_LEVEL = 0;
				GCC_PREPROCESSOR_DEFINITIONS = (
					"DEBUG=1",
					"$(inherited)",
				);
				GCC_WARN_64_TO_32_BIT_CONVERSION = YES;
				GCC_WARN_ABOUT_RETURN_TYPE = YES_ERROR;
				GCC_WARN_UNDECLARED_SELECTOR = YES;
				GCC_WARN_UNINITIALIZED_AUTOS = YES_AGGRESSIVE;
				GCC_WARN_UNUSED_FUNCTION = YES;
				GCC_WARN_UNUSED_VARIABLE = YES;
				IPHONEOS_DEPLOYMENT_TARGET = 15.5;
				MTL_ENABLE_DEBUG_INFO = INCLUDE_SOURCE;
				MTL_FAST_MATH = YES;
				ONLY_ACTIVE_ARCH = YES;
				SDKROOT = iphoneos;
				SWIFT_ACTIVE_COMPILATION_CONDITIONS = DEBUG;
				SWIFT_OPTIMIZATION_LEVEL = "-Onone";
			};
			name = Debug;
		};
		04F41CE328720CE0004B291A /* Release */ = {
			isa = XCBuildConfiguration;
			buildSettings = {
				ALWAYS_SEARCH_USER_PATHS = NO;
				CLANG_ANALYZER_NONNULL = YES;
				CLANG_ANALYZER_NUMBER_OBJECT_CONVERSION = YES_AGGRESSIVE;
				CLANG_CXX_LANGUAGE_STANDARD = "gnu++17";
				CLANG_ENABLE_MODULES = YES;
				CLANG_ENABLE_OBJC_ARC = YES;
				CLANG_ENABLE_OBJC_WEAK = YES;
				CLANG_WARN_BLOCK_CAPTURE_AUTORELEASING = YES;
				CLANG_WARN_BOOL_CONVERSION = YES;
				CLANG_WARN_COMMA = YES;
				CLANG_WARN_CONSTANT_CONVERSION = YES;
				CLANG_WARN_DEPRECATED_OBJC_IMPLEMENTATIONS = YES;
				CLANG_WARN_DIRECT_OBJC_ISA_USAGE = YES_ERROR;
				CLANG_WARN_DOCUMENTATION_COMMENTS = YES;
				CLANG_WARN_EMPTY_BODY = YES;
				CLANG_WARN_ENUM_CONVERSION = YES;
				CLANG_WARN_INFINITE_RECURSION = YES;
				CLANG_WARN_INT_CONVERSION = YES;
				CLANG_WARN_NON_LITERAL_NULL_CONVERSION = YES;
				CLANG_WARN_OBJC_IMPLICIT_RETAIN_SELF = YES;
				CLANG_WARN_OBJC_LITERAL_CONVERSION = YES;
				CLANG_WARN_OBJC_ROOT_CLASS = YES_ERROR;
				CLANG_WARN_QUOTED_INCLUDE_IN_FRAMEWORK_HEADER = YES;
				CLANG_WARN_RANGE_LOOP_ANALYSIS = YES;
				CLANG_WARN_STRICT_PROTOTYPES = YES;
				CLANG_WARN_SUSPICIOUS_MOVE = YES;
				CLANG_WARN_UNGUARDED_AVAILABILITY = YES_AGGRESSIVE;
				CLANG_WARN_UNREACHABLE_CODE = YES;
				CLANG_WARN__DUPLICATE_METHOD_MATCH = YES;
				COPY_PHASE_STRIP = NO;
				DEBUG_INFORMATION_FORMAT = "dwarf-with-dsym";
				ENABLE_NS_ASSERTIONS = NO;
				ENABLE_STRICT_OBJC_MSGSEND = YES;
				GCC_C_LANGUAGE_STANDARD = gnu11;
				GCC_NO_COMMON_BLOCKS = YES;
				GCC_WARN_64_TO_32_BIT_CONVERSION = YES;
				GCC_WARN_ABOUT_RETURN_TYPE = YES_ERROR;
				GCC_WARN_UNDECLARED_SELECTOR = YES;
				GCC_WARN_UNINITIALIZED_AUTOS = YES_AGGRESSIVE;
				GCC_WARN_UNUSED_FUNCTION = YES;
				GCC_WARN_UNUSED_VARIABLE = YES;
				IPHONEOS_DEPLOYMENT_TARGET = 15.5;
				MTL_ENABLE_DEBUG_INFO = NO;
				MTL_FAST_MATH = YES;
				SDKROOT = iphoneos;
				SWIFT_COMPILATION_MODE = wholemodule;
				SWIFT_OPTIMIZATION_LEVEL = "-O";
				VALIDATE_PRODUCT = YES;
			};
			name = Release;
		};
		04F41CE528720CE0004B291A /* Debug */ = {
			isa = XCBuildConfiguration;
			buildSettings = {
				ASSETCATALOG_COMPILER_APPICON_NAME = AppIcon;
				ASSETCATALOG_COMPILER_GLOBAL_ACCENT_COLOR_NAME = AccentColor;
				CODE_SIGN_STYLE = Automatic;
				CURRENT_PROJECT_VERSION = 1;
				DEVELOPMENT_TEAM = 2F54VR68GM;
				GENERATE_INFOPLIST_FILE = YES;
				INFOPLIST_FILE = WWDC/Info.plist;
				INFOPLIST_KEY_UIApplicationSupportsIndirectInputEvents = YES;
				INFOPLIST_KEY_UILaunchStoryboardName = LaunchScreen;
				INFOPLIST_KEY_UIMainStoryboardFile = Main;
				INFOPLIST_KEY_UISupportedInterfaceOrientations_iPad = "UIInterfaceOrientationPortrait UIInterfaceOrientationPortraitUpsideDown UIInterfaceOrientationLandscapeLeft UIInterfaceOrientationLandscapeRight";
				INFOPLIST_KEY_UISupportedInterfaceOrientations_iPhone = "UIInterfaceOrientationPortrait UIInterfaceOrientationLandscapeLeft UIInterfaceOrientationLandscapeRight";
				LD_RUNPATH_SEARCH_PATHS = (
					"$(inherited)",
					"@executable_path/Frameworks",
				);
				MARKETING_VERSION = 1.0;
				PRODUCT_BUNDLE_IDENTIFIER = com.fomagran.WWDC;
				PRODUCT_NAME = "$(TARGET_NAME)";
				SWIFT_EMIT_LOC_STRINGS = YES;
				SWIFT_VERSION = 5.0;
				TARGETED_DEVICE_FAMILY = "1,2";
			};
			name = Debug;
		};
		04F41CE628720CE0004B291A /* Release */ = {
			isa = XCBuildConfiguration;
			buildSettings = {
				ASSETCATALOG_COMPILER_APPICON_NAME = AppIcon;
				ASSETCATALOG_COMPILER_GLOBAL_ACCENT_COLOR_NAME = AccentColor;
				CODE_SIGN_STYLE = Automatic;
				CURRENT_PROJECT_VERSION = 1;
				DEVELOPMENT_TEAM = 2F54VR68GM;
				GENERATE_INFOPLIST_FILE = YES;
				INFOPLIST_FILE = WWDC/Info.plist;
				INFOPLIST_KEY_UIApplicationSupportsIndirectInputEvents = YES;
				INFOPLIST_KEY_UILaunchStoryboardName = LaunchScreen;
				INFOPLIST_KEY_UIMainStoryboardFile = Main;
				INFOPLIST_KEY_UISupportedInterfaceOrientations_iPad = "UIInterfaceOrientationPortrait UIInterfaceOrientationPortraitUpsideDown UIInterfaceOrientationLandscapeLeft UIInterfaceOrientationLandscapeRight";
				INFOPLIST_KEY_UISupportedInterfaceOrientations_iPhone = "UIInterfaceOrientationPortrait UIInterfaceOrientationLandscapeLeft UIInterfaceOrientationLandscapeRight";
				LD_RUNPATH_SEARCH_PATHS = (
					"$(inherited)",
					"@executable_path/Frameworks",
				);
				MARKETING_VERSION = 1.0;
				PRODUCT_BUNDLE_IDENTIFIER = com.fomagran.WWDC;
				PRODUCT_NAME = "$(TARGET_NAME)";
				SWIFT_EMIT_LOC_STRINGS = YES;
				SWIFT_VERSION = 5.0;
				TARGETED_DEVICE_FAMILY = "1,2";
			};
			name = Release;
		};
/* End XCBuildConfiguration section */

/* Begin XCConfigurationList section */
		04F41CCB28720CDD004B291A /* Build configuration list for PBXProject "WWDC" */ = {
			isa = XCConfigurationList;
			buildConfigurations = (
				04F41CE228720CE0004B291A /* Debug */,
				04F41CE328720CE0004B291A /* Release */,
			);
			defaultConfigurationIsVisible = 0;
			defaultConfigurationName = Release;
		};
		04F41CE428720CE0004B291A /* Build configuration list for PBXNativeTarget "WWDC" */ = {
			isa = XCConfigurationList;
			buildConfigurations = (
				04F41CE528720CE0004B291A /* Debug */,
				04F41CE628720CE0004B291A /* Release */,
			);
			defaultConfigurationIsVisible = 0;
			defaultConfigurationName = Release;
		};
/* End XCConfigurationList section */
	};
	rootObject = 04F41CC828720CDD004B291A /* Project object */;
}
